
Microsoft Visual Studio Solution File, Format Version 12.00
# Visual Studio 15
VisualStudioVersion = 15.0.28010.2019
MinimumVisualStudioVersion = 10.0.40219.1
Project("{FAE04EC0-301F-11D3-BF4B-00C04F79EFBC}") = "FaviconFetcher", "FaviconFetcher\FaviconFetcher.csproj", "{FA32A521-EB11-4E9A-A31A-28195EC9FE27}"
EndProject
Project("{FAE04EC0-301F-11D3-BF4B-00C04F79EFBC}") = "Example", "Example\Example.csproj", "{6F491A4C-017E-4986-BCD5-7D4F2FE58202}"
EndProject
Project("{FAE04EC0-301F-11D3-BF4B-00C04F79EFBC}") = "FaviconFetcher.Tests", "FaviconFetcher.Tests\FaviconFetcher.Tests.csproj", "{A30CE1CF-5E3B-4771-9C2D-6FE785799B8E}"
EndProject
Global
	GlobalSection(SolutionConfigurationPlatforms) = preSolution
		Debug|Any CPU = Debug|Any CPU
		Release|Any CPU = Release|Any CPU
	EndGlobalSection
	GlobalSection(ProjectConfigurationPlatforms) = postSolution
		{FA32A521-EB11-4E9A-A31A-28195EC9FE27}.Debug|Any CPU.ActiveCfg = Debug|Any CPU
		{FA32A521-EB11-4E9A-A31A-28195EC9FE27}.Debug|Any CPU.Build.0 = Debug|Any CPU
		{FA32A521-EB11-4E9A-A31A-28195EC9FE27}.Release|Any CPU.ActiveCfg = Release|Any CPU
		{FA32A521-EB11-4E9A-A31A-28195EC9FE27}.Release|Any CPU.Build.0 = Release|Any CPU
		{6F491A4C-017E-4986-BCD5-7D4F2FE58202}.Debug|Any CPU.ActiveCfg = Debug|Any CPU
		{6F491A4C-017E-4986-BCD5-7D4F2FE58202}.Debug|Any CPU.Build.0 = Debug|Any CPU
		{6F491A4C-017E-4986-BCD5-7D4F2FE58202}.Release|Any CPU.ActiveCfg = Release|Any CPU
		{6F491A4C-017E-4986-BCD5-7D4F2FE58202}.Release|Any CPU.Build.0 = Release|Any CPU
		{A30CE1CF-5E3B-4771-9C2D-6FE785799B8E}.Debug|Any CPU.ActiveCfg = Debug|Any CPU
		{A30CE1CF-5E3B-4771-9C2D-6FE785799B8E}.Debug|Any CPU.Build.0 = Debug|Any CPU
		{A30CE1CF-5E3B-4771-9C2D-6FE785799B8E}.Release|Any CPU.ActiveCfg = Release|Any CPU
		{A30CE1CF-5E3B-4771-9C2D-6FE785799B8E}.Release|Any CPU.Build.0 = Release|Any CPU
	EndGlobalSection
	GlobalSection(SolutionProperties) = preSolution
		HideSolutionNode = FALSE
	EndGlobalSection
	GlobalSection(ExtensibilityGlobals) = postSolution
		SolutionGuid = {C9885A8E-F8A9-4260-B7BA-887E755ECB80}
	EndGlobalSection
	GlobalSection(Performance) = preSolution
		HasPerformanceSessions = true
	EndGlobalSection
EndGlobal
